
Microsoft Visual Studio Solution File, Format Version 12.00
# Visual Studio Version 16
VisualStudioVersion = 16.0.30011.22
MinimumVisualStudioVersion = 10.0.40219.1
Project("{9A19103F-16F7-4668-BE54-9A1E7A4F7556}") = "OdeToFood", "OdeToFood\OdeToFood.csproj", "{E90C7E1D-9090-47F9-889B-6195025DF58E}"
EndProject
Project("{FAE04EC0-301F-11D3-BF4B-00C04F79EFBC}") = "OdeToFood.Core", "OdeToFood.Core\OdeToFood.Core.csproj", "{D0E9B4DD-0A44-407E-9493-81BC6E4161B5}"
EndProject
Project("{FAE04EC0-301F-11D3-BF4B-00C04F79EFBC}") = "OdeToFood.data", "OdeToFood.data\OdeToFood.data.csproj", "{22E6C952-AB65-4DA2-80F7-365213CAD6F3}"
EndProject
Global
	GlobalSection(SolutionConfigurationPlatforms) = preSolution
		Debug|Any CPU = Debug|Any CPU
		Release|Any CPU = Release|Any CPU
	EndGlobalSection
	GlobalSection(ProjectConfigurationPlatforms) = postSolution
		{E90C7E1D-9090-47F9-889B-6195025DF58E}.Debug|Any CPU.ActiveCfg = Debug|Any CPU
		{E90C7E1D-9090-47F9-889B-6195025DF58E}.Debug|Any CPU.Build.0 = Debug|Any CPU
		{E90C7E1D-9090-47F9-889B-6195025DF58E}.Release|Any CPU.ActiveCfg = Release|Any CPU
		{E90C7E1D-9090-47F9-889B-6195025DF58E}.Release|Any CPU.Build.0 = Release|Any CPU
		{D0E9B4DD-0A44-407E-9493-81BC6E4161B5}.Debug|Any CPU.ActiveCfg = Debug|Any CPU
		{D0E9B4DD-0A44-407E-9493-81BC6E4161B5}.Debug|Any CPU.Build.0 = Debug|Any CPU
		{D0E9B4DD-0A44-407E-9493-81BC6E4161B5}.Release|Any CPU.ActiveCfg = Release|Any CPU
		{D0E9B4DD-0A44-407E-9493-81BC6E4161B5}.Release|Any CPU.Build.0 = Release|Any CPU
		{22E6C952-AB65-4DA2-80F7-365213CAD6F3}.Debug|Any CPU.ActiveCfg = Debug|Any CPU
		{22E6C952-AB65-4DA2-80F7-365213CAD6F3}.Debug|Any CPU.Build.0 = Debug|Any CPU
		{22E6C952-AB65-4DA2-80F7-365213CAD6F3}.Release|Any CPU.ActiveCfg = Release|Any CPU
		{22E6C952-AB65-4DA2-80F7-365213CAD6F3}.Release|Any CPU.Build.0 = Release|Any CPU
	EndGlobalSection
	GlobalSection(SolutionProperties) = preSolution
		HideSolutionNode = FALSE
	EndGlobalSection
	GlobalSection(ExtensibilityGlobals) = postSolution
		SolutionGuid = {A7A44158-4FF8-4A8D-AA89-1F7EC562196C}
	EndGlobalSection
EndGlobal
